
Microsoft Visual Studio Solution File, Format Version 12.00
# Visual Studio Version 16
VisualStudioVersion = 16.0.29806.167
MinimumVisualStudioVersion = 10.0.40219.1
Project("{FAE04EC0-301F-11D3-BF4B-00C04F79EFBC}") = "TugasLab9", "TugasLab9\TugasLab9.csproj", "{E98EDF6F-3BA7-4E47-B284-8D19C01AF91F}"
EndProject
Global
	GlobalSection(SolutionConfigurationPlatforms) = preSolution
		Debug|Any CPU = Debug|Any CPU
		Release|Any CPU = Release|Any CPU
	EndGlobalSection
	GlobalSection(ProjectConfigurationPlatforms) = postSolution
		{E98EDF6F-3BA7-4E47-B284-8D19C01AF91F}.Debug|Any CPU.ActiveCfg = Debug|Any CPU
		{E98EDF6F-3BA7-4E47-B284-8D19C01AF91F}.Debug|Any CPU.Build.0 = Debug|Any CPU
		{E98EDF6F-3BA7-4E47-B284-8D19C01AF91F}.Release|Any CPU.ActiveCfg = Release|Any CPU
		{E98EDF6F-3BA7-4E47-B284-8D19C01AF91F}.Release|Any CPU.Build.0 = Release|Any CPU
	EndGlobalSection
	GlobalSection(SolutionProperties) = preSolution
		HideSolutionNode = FALSE
	EndGlobalSection
	GlobalSection(ExtensibilityGlobals) = postSolution
		SolutionGuid = {26C779BA-C182-4863-A624-3EA851E60C4D}
	EndGlobalSection
EndGlobal
